{
  "name": "enbu-sitemap",
  "version": "1.0.0",
  "lockfileVersion": 3,
  "requires": true,
  "packages": {
    "": {
      "name": "enbu-sitemap",
      "version": "1.0.0",
      "dependencies": {
        "sitemap": "^7.1.1"
      }
    },
    "node_modules/@types/node": {
      "version": "17.0.45",
      "license": "MIT"
    },
    "node_modules/@types/sax": {
      "version": "1.2.7",
      "license": "MIT",
      "dependencies": {
        "@types/node": "*"
      }
    },
    "node_modules/arg": {
      "version": "5.0.2",
      "license": "MIT"
    },
    "node_modules/sax": {
      "version": "1.4.4",
      "license": "BlueOak-1.0.0",
      "engines": {
        "node": ">=11.0.0"
      }
    },
    "node_modules/sitemap": {
      "version": "7.1.2",
      "license": "MIT",
      "dependencies": {
        "@types/node": "^17.0.5",
        "@types/sax": "^1.2.1",
        "arg": "^5.0.0",
        "sax": "^1.2.4"
      },
      "bin": {
        "sitemap": "dist/cli.js"
      },
      "engines": {
        "node": ">=12.0.0",
        "npm": ">=5.6.0"
      }
    }
  }
}
